
Microsoft Visual Studio Solution File, Format Version 12.00
# Visual Studio Version 17
VisualStudioVersion = 17.4.33122.133
MinimumVisualStudioVersion = 10.0.40219.1
Project("{FAE04EC0-301F-11D3-BF4B-00C04F79EFBC}") = "BuffetDinner.Domain", "BuffetDinner.Domain\BuffetDinner.Domain.csproj", "{3E14FE44-558C-4A4F-8179-E70E9E36445E}"
EndProject
Project("{FAE04EC0-301F-11D3-BF4B-00C04F79EFBC}") = "BuffetDinner.Application", "BuffetDinner.Application\BuffetDinner.Application.csproj", "{C9049301-E2F9-4179-9F1B-5248B5CE4DC8}"
EndProject
Project("{FAE04EC0-301F-11D3-BF4B-00C04F79EFBC}") = "BuffetDinner.Infrastructure", "BuffetDinner.Infrastructure\BuffetDinner.Infrastructure.csproj", "{03FA1003-3B98-4EE3-92BA-D2D45B611AD8}"
EndProject
Project("{FAE04EC0-301F-11D3-BF4B-00C04F79EFBC}") = "BuffetDinner.Contracts", "BuffetDinner.Contracts\BuffetDinner.Contracts.csproj", "{1B3CE46D-03CD-47B4-A964-00D265AF42F1}"
EndProject
Project("{FAE04EC0-301F-11D3-BF4B-00C04F79EFBC}") = "BuffetDinner.Api", "BuffetDinner.Api\BuffetDinner.Api.csproj", "{33B8456A-D870-48FD-A5CF-09785B38741D}"
EndProject
Global
	GlobalSection(SolutionConfigurationPlatforms) = preSolution
		Debug|Any CPU = Debug|Any CPU
		Release|Any CPU = Release|Any CPU
	EndGlobalSection
	GlobalSection(ProjectConfigurationPlatforms) = postSolution
		{3E14FE44-558C-4A4F-8179-E70E9E36445E}.Debug|Any CPU.ActiveCfg = Debug|Any CPU
		{3E14FE44-558C-4A4F-8179-E70E9E36445E}.Debug|Any CPU.Build.0 = Debug|Any CPU
		{3E14FE44-558C-4A4F-8179-E70E9E36445E}.Release|Any CPU.ActiveCfg = Release|Any CPU
		{3E14FE44-558C-4A4F-8179-E70E9E36445E}.Release|Any CPU.Build.0 = Release|Any CPU
		{C9049301-E2F9-4179-9F1B-5248B5CE4DC8}.Debug|Any CPU.ActiveCfg = Debug|Any CPU
		{C9049301-E2F9-4179-9F1B-5248B5CE4DC8}.Debug|Any CPU.Build.0 = Debug|Any CPU
		{C9049301-E2F9-4179-9F1B-5248B5CE4DC8}.Release|Any CPU.ActiveCfg = Release|Any CPU
		{C9049301-E2F9-4179-9F1B-5248B5CE4DC8}.Release|Any CPU.Build.0 = Release|Any CPU
		{03FA1003-3B98-4EE3-92BA-D2D45B611AD8}.Debug|Any CPU.ActiveCfg = Debug|Any CPU
		{03FA1003-3B98-4EE3-92BA-D2D45B611AD8}.Debug|Any CPU.Build.0 = Debug|Any CPU
		{03FA1003-3B98-4EE3-92BA-D2D45B611AD8}.Release|Any CPU.ActiveCfg = Release|Any CPU
		{03FA1003-3B98-4EE3-92BA-D2D45B611AD8}.Release|Any CPU.Build.0 = Release|Any CPU
		{1B3CE46D-03CD-47B4-A964-00D265AF42F1}.Debug|Any CPU.ActiveCfg = Debug|Any CPU
		{1B3CE46D-03CD-47B4-A964-00D265AF42F1}.Debug|Any CPU.Build.0 = Debug|Any CPU
		{1B3CE46D-03CD-47B4-A964-00D265AF42F1}.Release|Any CPU.ActiveCfg = Release|Any CPU
		{1B3CE46D-03CD-47B4-A964-00D265AF42F1}.Release|Any CPU.Build.0 = Release|Any CPU
		{33B8456A-D870-48FD-A5CF-09785B38741D}.Debug|Any CPU.ActiveCfg = Debug|Any CPU
		{33B8456A-D870-48FD-A5CF-09785B38741D}.Debug|Any CPU.Build.0 = Debug|Any CPU
		{33B8456A-D870-48FD-A5CF-09785B38741D}.Release|Any CPU.ActiveCfg = Release|Any CPU
		{33B8456A-D870-48FD-A5CF-09785B38741D}.Release|Any CPU.Build.0 = Release|Any CPU
	EndGlobalSection
	GlobalSection(SolutionProperties) = preSolution
		HideSolutionNode = FALSE
	EndGlobalSection
	GlobalSection(ExtensibilityGlobals) = postSolution
		SolutionGuid = {9545B030-1316-483E-9E36-10F462287599}
	EndGlobalSection
EndGlobal
